
Microsoft Visual Studio Solution File, Format Version 12.00
# Visual Studio Version 17
VisualStudioVersion = 17.8.34330.188
MinimumVisualStudioVersion = 10.0.40219.1
Project("{FAE04EC0-301F-11D3-BF4B-00C04F79EFBC}") = "BaiThi", "BaiThi\BaiThi.csproj", "{E5AC6EC5-050F-4A3D-BA7E-DAC571E58DFE}"
EndProject
Global
	GlobalSection(SolutionConfigurationPlatforms) = preSolution
		Debug|Any CPU = Debug|Any CPU
		Release|Any CPU = Release|Any CPU
	EndGlobalSection
	GlobalSection(ProjectConfigurationPlatforms) = postSolution
		{E5AC6EC5-050F-4A3D-BA7E-DAC571E58DFE}.Debug|Any CPU.ActiveCfg = Debug|Any CPU
		{E5AC6EC5-050F-4A3D-BA7E-DAC571E58DFE}.Debug|Any CPU.Build.0 = Debug|Any CPU
		{E5AC6EC5-050F-4A3D-BA7E-DAC571E58DFE}.Debug|Any CPU.Deploy.0 = Debug|Any CPU
		{E5AC6EC5-050F-4A3D-BA7E-DAC571E58DFE}.Release|Any CPU.ActiveCfg = Release|Any CPU
		{E5AC6EC5-050F-4A3D-BA7E-DAC571E58DFE}.Release|Any CPU.Build.0 = Release|Any CPU
		{E5AC6EC5-050F-4A3D-BA7E-DAC571E58DFE}.Release|Any CPU.Deploy.0 = Release|Any CPU
	EndGlobalSection
	GlobalSection(SolutionProperties) = preSolution
		HideSolutionNode = FALSE
	EndGlobalSection
	GlobalSection(ExtensibilityGlobals) = postSolution
		SolutionGuid = {A58D0D48-8CE5-47F4-B04D-50479A2E99E9}
	EndGlobalSection
EndGlobal
